
Microsoft Visual Studio Solution File, Format Version 12.00
# Visual Studio Version 17
VisualStudioVersion = 17.3.32922.545
MinimumVisualStudioVersion = 10.0.40219.1
Project("{FAE04EC0-301F-11D3-BF4B-00C04F79EFBC}") = "COP4226_Assignment3_GraphingCalculator", "COP4226_Assignment3_GraphingCalculator\COP4226_Assignment3_GraphingCalculator.csproj", "{38F8F3D7-285E-46EF-B578-1B497633B45C}"
EndProject
Global
	GlobalSection(SolutionConfigurationPlatforms) = preSolution
		Debug|Any CPU = Debug|Any CPU
		Release|Any CPU = Release|Any CPU
	EndGlobalSection
	GlobalSection(ProjectConfigurationPlatforms) = postSolution
		{38F8F3D7-285E-46EF-B578-1B497633B45C}.Debug|Any CPU.ActiveCfg = Debug|Any CPU
		{38F8F3D7-285E-46EF-B578-1B497633B45C}.Debug|Any CPU.Build.0 = Debug|Any CPU
		{38F8F3D7-285E-46EF-B578-1B497633B45C}.Release|Any CPU.ActiveCfg = Release|Any CPU
		{38F8F3D7-285E-46EF-B578-1B497633B45C}.Release|Any CPU.Build.0 = Release|Any CPU
	EndGlobalSection
	GlobalSection(SolutionProperties) = preSolution
		HideSolutionNode = FALSE
	EndGlobalSection
	GlobalSection(ExtensibilityGlobals) = postSolution
		SolutionGuid = {ACB9EB84-31A6-4246-B5B4-B1A54FABB4B5}
	EndGlobalSection
EndGlobal
