
Microsoft Visual Studio Solution File, Format Version 12.00
# Visual Studio Version 17
VisualStudioVersion = 17.3.32929.385
MinimumVisualStudioVersion = 10.0.40219.1
Project("{FAE04EC0-301F-11D3-BF4B-00C04F79EFBC}") = "COP4226_Assignment4_WallpaperDesign", "COP4226_Assignment4_WallpaperDesign\COP4226_Assignment4_WallpaperDesign.csproj", "{7BAA10B6-AC3E-449E-83AD-CB055D60BE64}"
EndProject
Global
	GlobalSection(SolutionConfigurationPlatforms) = preSolution
		Debug|Any CPU = Debug|Any CPU
		Release|Any CPU = Release|Any CPU
	EndGlobalSection
	GlobalSection(ProjectConfigurationPlatforms) = postSolution
		{7BAA10B6-AC3E-449E-83AD-CB055D60BE64}.Debug|Any CPU.ActiveCfg = Debug|Any CPU
		{7BAA10B6-AC3E-449E-83AD-CB055D60BE64}.Debug|Any CPU.Build.0 = Debug|Any CPU
		{7BAA10B6-AC3E-449E-83AD-CB055D60BE64}.Release|Any CPU.ActiveCfg = Release|Any CPU
		{7BAA10B6-AC3E-449E-83AD-CB055D60BE64}.Release|Any CPU.Build.0 = Release|Any CPU
	EndGlobalSection
	GlobalSection(SolutionProperties) = preSolution
		HideSolutionNode = FALSE
	EndGlobalSection
	GlobalSection(ExtensibilityGlobals) = postSolution
		SolutionGuid = {4AE839A1-E8ED-451F-ACBF-51FADF4BD0A0}
	EndGlobalSection
EndGlobal
